
Microsoft Visual Studio Solution File, Format Version 12.00
# Visual Studio 14
VisualStudioVersion = 14.0.23107.0
MinimumVisualStudioVersion = 10.0.40219.1
Project("{2150E333-8FDC-42A3-9474-1A3956D46DE8}") = "Buisness", "Buisness", "{2763912E-7B7B-495B-9F2F-05458B128F4E}"
EndProject
Project("{2150E333-8FDC-42A3-9474-1A3956D46DE8}") = "Data", "Data", "{4D3A72DC-D3CA-408A-A467-45DA37EA9A9A}"
EndProject
Project("{2150E333-8FDC-42A3-9474-1A3956D46DE8}") = "Presentation", "Presentation", "{3B62B0A7-3BC5-43A1-896B-1C427F7D7257}"
EndProject
Project("{FAE04EC0-301F-11D3-BF4B-00C04F79EFBC}") = "ScannerGB.Buisness.Models", "ScannerGB.Buisness.Models\ScannerGB.Buisness.Models.csproj", "{5D05BCCC-8D97-416D-B26E-1CB6A65AC4CA}"
EndProject
Project("{FAE04EC0-301F-11D3-BF4B-00C04F79EFBC}") = "ScannerGB.Buisness", "ScannerGB.Buisness\ScannerGB.Buisness.csproj", "{D88FA7BF-013B-423A-B0B2-20BACCD3AA28}"
EndProject
Project("{FAE04EC0-301F-11D3-BF4B-00C04F79EFBC}") = "ScannerGB.Presentation.WebApplication", "ScannerGB.Presentation.WebApplication\ScannerGB.Presentation.WebApplication.csproj", "{DD150500-34B4-4364-BE43-7EA1FED0C5B0}"
EndProject
Project("{FAE04EC0-301F-11D3-BF4B-00C04F79EFBC}") = "ScannerGB.Presentation.WebApplication.Tests", "ScannerGB.Presentation.WebApplication.Tests\ScannerGB.Presentation.WebApplication.Tests.csproj", "{5997A7A8-AFC0-42F9-A5C4-95EE585897E9}"
EndProject
Project("{FAE04EC0-301F-11D3-BF4B-00C04F79EFBC}") = "ScannerGB.Data.TransferObjects", "ScannerGB.Data.TransferObjects\ScannerGB.Data.TransferObjects.csproj", "{44E065CF-FAD7-41D2-A018-2566A0FD0E5F}"
EndProject
Project("{FAE04EC0-301F-11D3-BF4B-00C04F79EFBC}") = "ScannerGB.Data.Providers", "ScannerGB.Data.Providers\ScannerGB.Data.Providers.csproj", "{412622AB-026E-4D94-ABAA-AF63967A4670}"
EndProject
Project("{FAE04EC0-301F-11D3-BF4B-00C04F79EFBC}") = "ScannerGB.Data.Gstsways", "ScannerGB.Data.Gstsways\ScannerGB.Data.Gstsways.csproj", "{94717D0E-8E1C-46AE-B797-ABA19E29C3CD}"
EndProject
Global
	GlobalSection(SolutionConfigurationPlatforms) = preSolution
		Debug|Any CPU = Debug|Any CPU
		Release|Any CPU = Release|Any CPU
	EndGlobalSection
	GlobalSection(ProjectConfigurationPlatforms) = postSolution
		{5D05BCCC-8D97-416D-B26E-1CB6A65AC4CA}.Debug|Any CPU.ActiveCfg = Debug|Any CPU
		{5D05BCCC-8D97-416D-B26E-1CB6A65AC4CA}.Debug|Any CPU.Build.0 = Debug|Any CPU
		{5D05BCCC-8D97-416D-B26E-1CB6A65AC4CA}.Release|Any CPU.ActiveCfg = Release|Any CPU
		{5D05BCCC-8D97-416D-B26E-1CB6A65AC4CA}.Release|Any CPU.Build.0 = Release|Any CPU
		{D88FA7BF-013B-423A-B0B2-20BACCD3AA28}.Debug|Any CPU.ActiveCfg = Debug|Any CPU
		{D88FA7BF-013B-423A-B0B2-20BACCD3AA28}.Debug|Any CPU.Build.0 = Debug|Any CPU
		{D88FA7BF-013B-423A-B0B2-20BACCD3AA28}.Release|Any CPU.ActiveCfg = Release|Any CPU
		{D88FA7BF-013B-423A-B0B2-20BACCD3AA28}.Release|Any CPU.Build.0 = Release|Any CPU
		{DD150500-34B4-4364-BE43-7EA1FED0C5B0}.Debug|Any CPU.ActiveCfg = Debug|Any CPU
		{DD150500-34B4-4364-BE43-7EA1FED0C5B0}.Debug|Any CPU.Build.0 = Debug|Any CPU
		{DD150500-34B4-4364-BE43-7EA1FED0C5B0}.Release|Any CPU.ActiveCfg = Release|Any CPU
		{DD150500-34B4-4364-BE43-7EA1FED0C5B0}.Release|Any CPU.Build.0 = Release|Any CPU
		{5997A7A8-AFC0-42F9-A5C4-95EE585897E9}.Debug|Any CPU.ActiveCfg = Debug|Any CPU
		{5997A7A8-AFC0-42F9-A5C4-95EE585897E9}.Debug|Any CPU.Build.0 = Debug|Any CPU
		{5997A7A8-AFC0-42F9-A5C4-95EE585897E9}.Release|Any CPU.ActiveCfg = Release|Any CPU
		{5997A7A8-AFC0-42F9-A5C4-95EE585897E9}.Release|Any CPU.Build.0 = Release|Any CPU
		{44E065CF-FAD7-41D2-A018-2566A0FD0E5F}.Debug|Any CPU.ActiveCfg = Debug|Any CPU
		{44E065CF-FAD7-41D2-A018-2566A0FD0E5F}.Debug|Any CPU.Build.0 = Debug|Any CPU
		{44E065CF-FAD7-41D2-A018-2566A0FD0E5F}.Release|Any CPU.ActiveCfg = Release|Any CPU
		{44E065CF-FAD7-41D2-A018-2566A0FD0E5F}.Release|Any CPU.Build.0 = Release|Any CPU
		{412622AB-026E-4D94-ABAA-AF63967A4670}.Debug|Any CPU.ActiveCfg = Debug|Any CPU
		{412622AB-026E-4D94-ABAA-AF63967A4670}.Debug|Any CPU.Build.0 = Debug|Any CPU
		{412622AB-026E-4D94-ABAA-AF63967A4670}.Release|Any CPU.ActiveCfg = Release|Any CPU
		{412622AB-026E-4D94-ABAA-AF63967A4670}.Release|Any CPU.Build.0 = Release|Any CPU
		{94717D0E-8E1C-46AE-B797-ABA19E29C3CD}.Debug|Any CPU.ActiveCfg = Debug|Any CPU
		{94717D0E-8E1C-46AE-B797-ABA19E29C3CD}.Debug|Any CPU.Build.0 = Debug|Any CPU
		{94717D0E-8E1C-46AE-B797-ABA19E29C3CD}.Release|Any CPU.ActiveCfg = Release|Any CPU
		{94717D0E-8E1C-46AE-B797-ABA19E29C3CD}.Release|Any CPU.Build.0 = Release|Any CPU
	EndGlobalSection
	GlobalSection(SolutionProperties) = preSolution
		HideSolutionNode = FALSE
	EndGlobalSection
	GlobalSection(NestedProjects) = preSolution
		{5D05BCCC-8D97-416D-B26E-1CB6A65AC4CA} = {2763912E-7B7B-495B-9F2F-05458B128F4E}
		{D88FA7BF-013B-423A-B0B2-20BACCD3AA28} = {2763912E-7B7B-495B-9F2F-05458B128F4E}
		{DD150500-34B4-4364-BE43-7EA1FED0C5B0} = {3B62B0A7-3BC5-43A1-896B-1C427F7D7257}
		{5997A7A8-AFC0-42F9-A5C4-95EE585897E9} = {3B62B0A7-3BC5-43A1-896B-1C427F7D7257}
		{44E065CF-FAD7-41D2-A018-2566A0FD0E5F} = {4D3A72DC-D3CA-408A-A467-45DA37EA9A9A}
		{412622AB-026E-4D94-ABAA-AF63967A4670} = {4D3A72DC-D3CA-408A-A467-45DA37EA9A9A}
		{94717D0E-8E1C-46AE-B797-ABA19E29C3CD} = {4D3A72DC-D3CA-408A-A467-45DA37EA9A9A}
	EndGlobalSection
EndGlobal
